// !$*UTF8*$!
{
	archiveVersion = 1;
	classes = {
	};
	objectVersion = 46;
	objects = {

/* Begin PBXBuildFile section */
		0AF77D6F1AA0363800B57B8C /* main.m in Sources */ = {isa = PBXBuildFile; fileRef = 0AF77D6E1AA0363800B57B8C /* main.m */; };
		0AF77D721AA0363800B57B8C /* AppDelegate.m in Sources */ = {isa = PBXBuildFile; fileRef = 0AF77D711AA0363800B57B8C /* AppDelegate.m */; };
		0AF77D751AA0363800B57B8C /* ViewController.m in Sources */ = {isa = PBXBuildFile; fileRef = 0AF77D741AA0363800B57B8C /* ViewController.m */; };
		0AF77D781AA0363800B57B8C /* Main.storyboard in Resources */ = {isa = PBXBuildFile; fileRef = 0AF77D761AA0363800B57B8C /* Main.storyboard */; };
		0AF77D7A1AA0363800B57B8C /* Images.xcassets in Resources */ = {isa = PBXBuildFile; fileRef = 0AF77D791AA0363800B57B8C /* Images.xcassets */; };
		0AF77D7D1AA0363800B57B8C /* LaunchScreen.xib in Resources */ = {isa = PBXBuildFile; fileRef = 0AF77D7B1AA0363800B57B8C /* LaunchScreen.xib */; };
		0AF77D891AA0363800B57B8C /* iBeacon_RetailTests.m in Sources */ = {isa = PBXBuildFile; fileRef = 0AF77D881AA0363800B57B8C /* iBeacon_RetailTests.m */; };
		0AF77D931AA038A700B57B8C /* Foundation.framework in Frameworks */ = {isa = PBXBuildFile; fileRef = 0AF77D921AA038A700B57B8C /* Foundation.framework */; };
		0AF77D971AA038BC00B57B8C /* CoreLocation.framework in Frameworks */ = {isa = PBXBuildFile; fileRef = 0AF77D951AA038BC00B57B8C /* CoreLocation.framework */; };
		0AF78F831AA0394800B57B8C /* CoreBluetooth.framework in Frameworks */ = {isa = PBXBuildFile; fileRef = 0AF78F821AA0394800B57B8C /* CoreBluetooth.framework */; };
		0AF78F851AA0395800B57B8C /* SystemConfiguration.framework in Frameworks */ = {isa = PBXBuildFile; fileRef = 0AF78F841AA0395800B57B8C /* SystemConfiguration.framework */; };
		455269A11AB03FDD00E6F7C3 /* StoreLocationMapViewController.m in Sources */ = {isa = PBXBuildFile; fileRef = 4552699F1AB03FDD00E6F7C3 /* StoreLocationMapViewController.m */; };
		455269A21AB03FDD00E6F7C3 /* StoreLocationMapViewController.xib in Resources */ = {isa = PBXBuildFile; fileRef = 455269A01AB03FDD00E6F7C3 /* StoreLocationMapViewController.xib */; };
		455269A41AB0443D00E6F7C3 /* location.json in Resources */ = {isa = PBXBuildFile; fileRef = 455269A31AB0443D00E6F7C3 /* location.json */; };
		45526A2A1AB048B300E6F7C3 /* 5a.mov in Resources */ = {isa = PBXBuildFile; fileRef = 45526A061AB048B300E6F7C3 /* 5a.mov */; };
		45526A2B1AB048B300E6F7C3 /* 5b.mov in Resources */ = {isa = PBXBuildFile; fileRef = 45526A071AB048B300E6F7C3 /* 5b.mov */; };
		45526A2C1AB048B300E6F7C3 /* 8a.mov in Resources */ = {isa = PBXBuildFile; fileRef = 45526A081AB048B300E6F7C3 /* 8a.mov */; };
		45526A2D1AB048B300E6F7C3 /* 8b.mov in Resources */ = {isa = PBXBuildFile; fileRef = 45526A091AB048B300E6F7C3 /* 8b.mov */; };
		45526A2E1AB048B300E6F7C3 /* 8c.mov in Resources */ = {isa = PBXBuildFile; fileRef = 45526A0A1AB048B300E6F7C3 /* 8c.mov */; };
		45526A2F1AB048B300E6F7C3 /* 5a_first_frame@2x.png in Resources */ = {isa = PBXBuildFile; fileRef = 45526A0C1AB048B300E6F7C3 /* 5a_first_frame@2x.png */; };
		45526A301AB048B300E6F7C3 /* 5b_first_frame@2x.png in Resources */ = {isa = PBXBuildFile; fileRef = 45526A0D1AB048B300E6F7C3 /* 5b_first_frame@2x.png */; };
		45526A311AB048B300E6F7C3 /* 8a_first_frame@2x.png in Resources */ = {isa = PBXBuildFile; fileRef = 45526A0E1AB048B300E6F7C3 /* 8a_first_frame@2x.png */; };
		45526A321AB048B300E6F7C3 /* 8b_first_frame@2x.png in Resources */ = {isa = PBXBuildFile; fileRef = 45526A0F1AB048B300E6F7C3 /* 8b_first_frame@2x.png */; };
		45526A331AB048B300E6F7C3 /* 8c_first_frame@2x.png in Resources */ = {isa = PBXBuildFile; fileRef = 45526A101AB048B300E6F7C3 /* 8c_first_frame@2x.png */; };
		45526A341AB048B300E6F7C3 /* beacon_grey@2x.png in Resources */ = {isa = PBXBuildFile; fileRef = 45526A111AB048B300E6F7C3 /* beacon_grey@2x.png */; };
		45526A351AB048B300E6F7C3 /* beaconblueberry@2x.png in Resources */ = {isa = PBXBuildFile; fileRef = 45526A121AB048B300E6F7C3 /* beaconblueberry@2x.png */; };
		45526A361AB048B300E6F7C3 /* beaconBlueberrySmall.png in Resources */ = {isa = PBXBuildFile; fileRef = 45526A131AB048B300E6F7C3 /* beaconBlueberrySmall.png */; };
		45526A371AB048B300E6F7C3 /* beaconBlueberrySmall@2x.png in Resources */ = {isa = PBXBuildFile; fileRef = 45526A141AB048B300E6F7C3 /* beaconBlueberrySmall@2x.png */; };
		45526A381AB048B300E6F7C3 /* beacongrey@2x.png in Resources */ = {isa = PBXBuildFile; fileRef = 45526A151AB048B300E6F7C3 /* beacongrey@2x.png */; };
		45526A391AB048B300E6F7C3 /* beaconGreySmall@2x.png in Resources */ = {isa = PBXBuildFile; fileRef = 45526A161AB048B300E6F7C3 /* beaconGreySmall@2x.png */; };
		45526A3A1AB048B300E6F7C3 /* beaconicy@2x.png in Resources */ = {isa = PBXBuildFile; fileRef = 45526A171AB048B300E6F7C3 /* beaconicy@2x.png */; };
		45526A3B1AB048B300E6F7C3 /* beaconIcySmall.png in Resources */ = {isa = PBXBuildFile; fileRef = 45526A181AB048B300E6F7C3 /* beaconIcySmall.png */; };
		45526A3C1AB048B300E6F7C3 /* beaconIcySmall@2x.png in Resources */ = {isa = PBXBuildFile; fileRef = 45526A191AB048B300E6F7C3 /* beaconIcySmall@2x.png */; };
		45526A3D1AB048B300E6F7C3 /* beaconmint@2x.png in Resources */ = {isa = PBXBuildFile; fileRef = 45526A1A1AB048B300E6F7C3 /* beaconmint@2x.png */; };
		45526A3E1AB048B300E6F7C3 /* beaconMintSmall.png in Resources */ = {isa = PBXBuildFile; fileRef = 45526A1B1AB048B300E6F7C3 /* beaconMintSmall.png */; };
		45526A3F1AB048B300E6F7C3 /* beaconMintSmall@2x.png in Resources */ = {isa = PBXBuildFile; fileRef = 45526A1C1AB048B300E6F7C3 /* beaconMintSmall@2x.png */; };
		45526A401AB048B300E6F7C3 /* indoor_error@2x.png in Resources */ = {isa = PBXBuildFile; fileRef = 45526A1D1AB048B300E6F7C3 /* indoor_error@2x.png */; };
		45526A411AB048B300E6F7C3 /* instructions@2x.png in Resources */ = {isa = PBXBuildFile; fileRef = 45526A1E1AB048B300E6F7C3 /* instructions@2x.png */; };
		45526A421AB048B300E6F7C3 /* navigation_guy@2x.png in Resources */ = {isa = PBXBuildFile; fileRef = 45526A1F1AB048B300E6F7C3 /* navigation_guy@2x.png */; };
		45526A431AB048B300E6F7C3 /* screen8_beacon_blue@2x.png in Resources */ = {isa = PBXBuildFile; fileRef = 45526A201AB048B300E6F7C3 /* screen8_beacon_blue@2x.png */; };
		45526A441AB048B300E6F7C3 /* screen8_beacon_gray@2x.png in Resources */ = {isa = PBXBuildFile; fileRef = 45526A211AB048B300E6F7C3 /* screen8_beacon_gray@2x.png */; };
		45526A451AB048B300E6F7C3 /* screen8_beacon_gray_trans@2x.png in Resources */ = {isa = PBXBuildFile; fileRef = 45526A221AB048B300E6F7C3 /* screen8_beacon_gray_trans@2x.png */; };
		45526A461AB048B300E6F7C3 /* screen8_beacon_green@2x.png in Resources */ = {isa = PBXBuildFile; fileRef = 45526A231AB048B300E6F7C3 /* screen8_beacon_green@2x.png */; };
		45526A471AB048B300E6F7C3 /* screen8_beacon_purple@2x.png in Resources */ = {isa = PBXBuildFile; fileRef = 45526A241AB048B300E6F7C3 /* screen8_beacon_purple@2x.png */; };
		45526A481AB048B300E6F7C3 /* tick@2x.png in Resources */ = {isa = PBXBuildFile; fileRef = 45526A251AB048B300E6F7C3 /* tick@2x.png */; };
		45526A491AB048B300E6F7C3 /* welcome@2x.png in Resources */ = {isa = PBXBuildFile; fileRef = 45526A261AB048B300E6F7C3 /* welcome@2x.png */; };
		45526A4A1AB048B300E6F7C3 /* SixBeaconsView.xib in Resources */ = {isa = PBXBuildFile; fileRef = 45526A271AB048B300E6F7C3 /* SixBeaconsView.xib */; };
		45526A4B1AB048B300E6F7C3 /* wall_bump.wav in Resources */ = {isa = PBXBuildFile; fileRef = 45526A281AB048B300E6F7C3 /* wall_bump.wav */; };
		45526A4D1AB04BBE00E6F7C3 /* UIKit.framework in Frameworks */ = {isa = PBXBuildFile; fileRef = 45526A4C1AB04BBE00E6F7C3 /* UIKit.framework */; };
		45526A4F1AB04BDF00E6F7C3 /* CoreMotion.framework in Frameworks */ = {isa = PBXBuildFile; fileRef = 45526A4E1AB04BDF00E6F7C3 /* CoreMotion.framework */; };
		45526A511AB04BFE00E6F7C3 /* CoreGraphics.framework in Frameworks */ = {isa = PBXBuildFile; fileRef = 45526A501AB04BFE00E6F7C3 /* CoreGraphics.framework */; };
		45526A531AB04C2400E6F7C3 /* MessageUI.framework in Frameworks */ = {isa = PBXBuildFile; fileRef = 45526A521AB04C2400E6F7C3 /* MessageUI.framework */; };
		45526A551AB04C3400E6F7C3 /* MediaPlayer.framework in Frameworks */ = {isa = PBXBuildFile; fileRef = 45526A541AB04C3400E6F7C3 /* MediaPlayer.framework */; };
		45526A571AB04C3F00E6F7C3 /* AudioToolbox.framework in Frameworks */ = {isa = PBXBuildFile; fileRef = 45526A561AB04C3F00E6F7C3 /* AudioToolbox.framework */; };
		45526A591AB04CDA00E6F7C3 /* AVFoundation.framework in Frameworks */ = {isa = PBXBuildFile; fileRef = 45526A581AB04CDA00E6F7C3 /* AVFoundation.framework */; };
		45526A5C1AB06E4D00E6F7C3 /* libEstimoteSDK.a in Frameworks */ = {isa = PBXBuildFile; fileRef = 45526A5B1AB06E4D00E6F7C3 /* libEstimoteSDK.a */; };
		45526A5E1AB06E5A00E6F7C3 /* libEstimoteIndoorSDK.a in Frameworks */ = {isa = PBXBuildFile; fileRef = 45526A5D1AB06E5A00E6F7C3 /* libEstimoteIndoorSDK.a */; };
		45526A601AB06F3300E6F7C3 /* libxml2.dylib in Frameworks */ = {isa = PBXBuildFile; fileRef = 45526A5F1AB06F3300E6F7C3 /* libxml2.dylib */; };
		814BC9611AA4404800164B30 /* ProductViewController.m in Sources */ = {isa = PBXBuildFile; fileRef = 814BC95F1AA4404800164B30 /* ProductViewController.m */; };
		814BC9621AA4404800164B30 /* ProductViewController.xib in Resources */ = {isa = PBXBuildFile; fileRef = 814BC9601AA4404800164B30 /* ProductViewController.xib */; };
		814BC9661AA4634900164B30 /* prodCell.m in Sources */ = {isa = PBXBuildFile; fileRef = 814BC9641AA4634900164B30 /* prodCell.m */; };
		814BC9671AA4634900164B30 /* prodCell.xib in Resources */ = {isa = PBXBuildFile; fileRef = 814BC9651AA4634900164B30 /* prodCell.xib */; };
		8186A0A01AA7775D00BB5AC4 /* ViewController.xib in Resources */ = {isa = PBXBuildFile; fileRef = 8186A09F1AA7775C00BB5AC4 /* ViewController.xib */; };
		81AE088E1AA71F1900CD7F75 /* OffersViewController.m in Sources */ = {isa = PBXBuildFile; fileRef = 81AE088C1AA71F1900CD7F75 /* OffersViewController.m */; };
		81AE088F1AA71F1900CD7F75 /* OffersViewController.xib in Resources */ = {isa = PBXBuildFile; fileRef = 81AE088D1AA71F1900CD7F75 /* OffersViewController.xib */; };
		81AE08931AA720D200CD7F75 /* OffersTableCell.m in Sources */ = {isa = PBXBuildFile; fileRef = 81AE08911AA720D200CD7F75 /* OffersTableCell.m */; };
		81AE08941AA720D200CD7F75 /* OffersTableCell.xib in Resources */ = {isa = PBXBuildFile; fileRef = 81AE08921AA720D200CD7F75 /* OffersTableCell.xib */; };
		81AE089A1AA7672200CD7F75 /* ContainerViewController.m in Sources */ = {isa = PBXBuildFile; fileRef = 81AE08961AA7672200CD7F75 /* ContainerViewController.m */; };
		81AE089B1AA7672200CD7F75 /* MenuViewController.m in Sources */ = {isa = PBXBuildFile; fileRef = 81AE08981AA7672200CD7F75 /* MenuViewController.m */; };
		81AE089C1AA7672200CD7F75 /* MenuViewController.xib in Resources */ = {isa = PBXBuildFile; fileRef = 81AE08991AA7672200CD7F75 /* MenuViewController.xib */; };
		81B6A8731AA5D93C00A234D7 /* Config.plist in Resources */ = {isa = PBXBuildFile; fileRef = 81B6A8721AA5D93C00A234D7 /* Config.plist */; };
/* End PBXBuildFile section */

/* Begin PBXContainerItemProxy section */
		0AF77D831AA0363800B57B8C /* PBXContainerItemProxy */ = {
			isa = PBXContainerItemProxy;
			containerPortal = 0AF77D611AA0363800B57B8C /* Project object */;
			proxyType = 1;
			remoteGlobalIDString = 0AF77D681AA0363800B57B8C;
			remoteInfo = iBeacon_Retail;
		};
/* End PBXContainerItemProxy section */

/* Begin PBXFileReference section */
		0AF77D691AA0363800B57B8C /* iBeacon_Retail.app */ = {isa = PBXFileReference; explicitFileType = wrapper.application; includeInIndex = 0; path = iBeacon_Retail.app; sourceTree = BUILT_PRODUCTS_DIR; };
		0AF77D6D1AA0363800B57B8C /* Info.plist */ = {isa = PBXFileReference; lastKnownFileType = text.plist.xml; path = Info.plist; sourceTree = "<group>"; };
		0AF77D6E1AA0363800B57B8C /* main.m */ = {isa = PBXFileReference; lastKnownFileType = sourcecode.c.objc; path = main.m; sourceTree = "<group>"; };
		0AF77D701AA0363800B57B8C /* AppDelegate.h */ = {isa = PBXFileReference; lastKnownFileType = sourcecode.c.h; path = AppDelegate.h; sourceTree = "<group>"; };
		0AF77D711AA0363800B57B8C /* AppDelegate.m */ = {isa = PBXFileReference; lastKnownFileType = sourcecode.c.objc; path = AppDelegate.m; sourceTree = "<group>"; };
		0AF77D731AA0363800B57B8C /* ViewController.h */ = {isa = PBXFileReference; lastKnownFileType = sourcecode.c.h; path = ViewController.h; sourceTree = "<group>"; };
		0AF77D741AA0363800B57B8C /* ViewController.m */ = {isa = PBXFileReference; lastKnownFileType = sourcecode.c.objc; path = ViewController.m; sourceTree = "<group>"; };
		0AF77D771AA0363800B57B8C /* Base */ = {isa = PBXFileReference; lastKnownFileType = file.storyboard; name = Base; path = Base.lproj/Main.storyboard; sourceTree = "<group>"; };
		0AF77D791AA0363800B57B8C /* Images.xcassets */ = {isa = PBXFileReference; lastKnownFileType = folder.assetcatalog; path = Images.xcassets; sourceTree = "<group>"; };
		0AF77D7C1AA0363800B57B8C /* Base */ = {isa = PBXFileReference; lastKnownFileType = file.xib; name = Base; path = Base.lproj/LaunchScreen.xib; sourceTree = "<group>"; };
		0AF77D821AA0363800B57B8C /* iBeacon_RetailTests.xctest */ = {isa = PBXFileReference; explicitFileType = wrapper.cfbundle; includeInIndex = 0; path = iBeacon_RetailTests.xctest; sourceTree = BUILT_PRODUCTS_DIR; };
		0AF77D871AA0363800B57B8C /* Info.plist */ = {isa = PBXFileReference; lastKnownFileType = text.plist.xml; path = Info.plist; sourceTree = "<group>"; };
		0AF77D881AA0363800B57B8C /* iBeacon_RetailTests.m */ = {isa = PBXFileReference; lastKnownFileType = sourcecode.c.objc; path = iBeacon_RetailTests.m; sourceTree = "<group>"; };
		0AF77D921AA038A700B57B8C /* Foundation.framework */ = {isa = PBXFileReference; lastKnownFileType = wrapper.framework; name = Foundation.framework; path = System/Library/Frameworks/Foundation.framework; sourceTree = SDKROOT; };
		0AF77D951AA038BC00B57B8C /* CoreLocation.framework */ = {isa = PBXFileReference; lastKnownFileType = wrapper.framework; name = CoreLocation.framework; path = System/Library/Frameworks/CoreLocation.framework; sourceTree = SDKROOT; };
		0AF78F821AA0394800B57B8C /* CoreBluetooth.framework */ = {isa = PBXFileReference; lastKnownFileType = wrapper.framework; name = CoreBluetooth.framework; path = System/Library/Frameworks/CoreBluetooth.framework; sourceTree = SDKROOT; };
		0AF78F841AA0395800B57B8C /* SystemConfiguration.framework */ = {isa = PBXFileReference; lastKnownFileType = wrapper.framework; name = SystemConfiguration.framework; path = System/Library/Frameworks/SystemConfiguration.framework; sourceTree = SDKROOT; };
		0AF78FA61AA039E800B57B8C /* ESTBeacon.h */ = {isa = PBXFileReference; fileEncoding = 4; lastKnownFileType = sourcecode.c.h; path = ESTBeacon.h; sourceTree = "<group>"; };
		0AF78FA71AA039E800B57B8C /* ESTBeaconDefinitions.h */ = {isa = PBXFileReference; fileEncoding = 4; lastKnownFileType = sourcecode.c.h; path = ESTBeaconDefinitions.h; sourceTree = "<group>"; };
		0AF78FA81AA039E800B57B8C /* ESTBeaconFirmwareVO.h */ = {isa = PBXFileReference; fileEncoding = 4; lastKnownFileType = sourcecode.c.h; path = ESTBeaconFirmwareVO.h; sourceTree = "<group>"; };
		0AF78FA91AA039E800B57B8C /* ESTBeaconManager.h */ = {isa = PBXFileReference; fileEncoding = 4; lastKnownFileType = sourcecode.c.h; path = ESTBeaconManager.h; sourceTree = "<group>"; };
		0AF78FAA1AA039E800B57B8C /* ESTBeaconRegion.h */ = {isa = PBXFileReference; fileEncoding = 4; lastKnownFileType = sourcecode.c.h; path = ESTBeaconRegion.h; sourceTree = "<group>"; };
		0AF78FAB1AA039E800B57B8C /* ESTBeaconUpdateConfig.h */ = {isa = PBXFileReference; fileEncoding = 4; lastKnownFileType = sourcecode.c.h; path = ESTBeaconUpdateConfig.h; sourceTree = "<group>"; };
		0AF78FAC1AA039E800B57B8C /* ESTBeaconUpdateInfo.h */ = {isa = PBXFileReference; fileEncoding = 4; lastKnownFileType = sourcecode.c.h; path = ESTBeaconUpdateInfo.h; sourceTree = "<group>"; };
		0AF78FAD1AA039E800B57B8C /* ESTBeaconVO.h */ = {isa = PBXFileReference; fileEncoding = 4; lastKnownFileType = sourcecode.c.h; path = ESTBeaconVO.h; sourceTree = "<group>"; };
		0AF78FAE1AA039E800B57B8C /* ESTBulkUpdater.h */ = {isa = PBXFileReference; fileEncoding = 4; lastKnownFileType = sourcecode.c.h; path = ESTBulkUpdater.h; sourceTree = "<group>"; };
		0AF78FAF1AA039E800B57B8C /* ESTConfig.h */ = {isa = PBXFileReference; fileEncoding = 4; lastKnownFileType = sourcecode.c.h; path = ESTConfig.h; sourceTree = "<group>"; };
		0AF78FB01AA039E800B57B8C /* ESTDateRule.h */ = {isa = PBXFileReference; fileEncoding = 4; lastKnownFileType = sourcecode.c.h; path = ESTDateRule.h; sourceTree = "<group>"; };
		0AF78FB11AA039E800B57B8C /* ESTDefinitions.h */ = {isa = PBXFileReference; fileEncoding = 4; lastKnownFileType = sourcecode.c.h; path = ESTDefinitions.h; sourceTree = "<group>"; };
		0AF78FB21AA039E800B57B8C /* ESTFirmwareInfoVO.h */ = {isa = PBXFileReference; fileEncoding = 4; lastKnownFileType = sourcecode.c.h; path = ESTFirmwareInfoVO.h; sourceTree = "<group>"; };
		0AF78FB31AA039E800B57B8C /* ESTMotionRule.h */ = {isa = PBXFileReference; fileEncoding = 4; lastKnownFileType = sourcecode.c.h; path = ESTMotionRule.h; sourceTree = "<group>"; };
		0AF78FB41AA039E800B57B8C /* ESTNearable.h */ = {isa = PBXFileReference; fileEncoding = 4; lastKnownFileType = sourcecode.c.h; path = ESTNearable.h; sourceTree = "<group>"; };
		0AF78FB51AA039E800B57B8C /* ESTNearableDefinitions.h */ = {isa = PBXFileReference; fileEncoding = 4; lastKnownFileType = sourcecode.c.h; path = ESTNearableDefinitions.h; sourceTree = "<group>"; };
		0AF78FB61AA039E800B57B8C /* ESTNearableManager.h */ = {isa = PBXFileReference; fileEncoding = 4; lastKnownFileType = sourcecode.c.h; path = ESTNearableManager.h; sourceTree = "<group>"; };
		0AF78FB71AA039E800B57B8C /* ESTNearableRule.h */ = {isa = PBXFileReference; fileEncoding = 4; lastKnownFileType = sourcecode.c.h; path = ESTNearableRule.h; sourceTree = "<group>"; };
		0AF78FB81AA039E800B57B8C /* ESTOrientationRule.h */ = {isa = PBXFileReference; fileEncoding = 4; lastKnownFileType = sourcecode.c.h; path = ESTOrientationRule.h; sourceTree = "<group>"; };
		0AF78FB91AA039E800B57B8C /* ESTProximityRule.h */ = {isa = PBXFileReference; fileEncoding = 4; lastKnownFileType = sourcecode.c.h; path = ESTProximityRule.h; sourceTree = "<group>"; };
		0AF78FBA1AA039E800B57B8C /* ESTRule.h */ = {isa = PBXFileReference; fileEncoding = 4; lastKnownFileType = sourcecode.c.h; path = ESTRule.h; sourceTree = "<group>"; };
		0AF78FBB1AA039E800B57B8C /* ESTTemperatureRule.h */ = {isa = PBXFileReference; fileEncoding = 4; lastKnownFileType = sourcecode.c.h; path = ESTTemperatureRule.h; sourceTree = "<group>"; };
		0AF78FBC1AA039E800B57B8C /* ESTTrigger.h */ = {isa = PBXFileReference; fileEncoding = 4; lastKnownFileType = sourcecode.c.h; path = ESTTrigger.h; sourceTree = "<group>"; };
		0AF78FBD1AA039E800B57B8C /* ESTTriggerManager.h */ = {isa = PBXFileReference; fileEncoding = 4; lastKnownFileType = sourcecode.c.h; path = ESTTriggerManager.h; sourceTree = "<group>"; };
		4552699E1AB03FDD00E6F7C3 /* StoreLocationMapViewController.h */ = {isa = PBXFileReference; fileEncoding = 4; lastKnownFileType = sourcecode.c.h; path = StoreLocationMapViewController.h; sourceTree = "<group>"; };
		4552699F1AB03FDD00E6F7C3 /* StoreLocationMapViewController.m */ = {isa = PBXFileReference; fileEncoding = 4; lastKnownFileType = sourcecode.c.objc; path = StoreLocationMapViewController.m; sourceTree = "<group>"; };
		455269A01AB03FDD00E6F7C3 /* StoreLocationMapViewController.xib */ = {isa = PBXFileReference; fileEncoding = 4; lastKnownFileType = file.xib; path = StoreLocationMapViewController.xib; sourceTree = "<group>"; };
		455269A31AB0443D00E6F7C3 /* location.json */ = {isa = PBXFileReference; fileEncoding = 4; lastKnownFileType = text.json; path = location.json; sourceTree = "<group>"; };
		455269FB1AB048B300E6F7C3 /* ESTIndoorLocationManager.h */ = {isa = PBXFileReference; fileEncoding = 4; lastKnownFileType = sourcecode.c.h; path = ESTIndoorLocationManager.h; sourceTree = "<group>"; };
		455269FC1AB048B300E6F7C3 /* ESTIndoorLocationView.h */ = {isa = PBXFileReference; fileEncoding = 4; lastKnownFileType = sourcecode.c.h; path = ESTIndoorLocationView.h; sourceTree = "<group>"; };
		455269FD1AB048B300E6F7C3 /* ESTLocation.h */ = {isa = PBXFileReference; fileEncoding = 4; lastKnownFileType = sourcecode.c.h; path = ESTLocation.h; sourceTree = "<group>"; };
		455269FE1AB048B300E6F7C3 /* ESTLocationBuilder.h */ = {isa = PBXFileReference; fileEncoding = 4; lastKnownFileType = sourcecode.c.h; path = ESTLocationBuilder.h; sourceTree = "<group>"; };
		455269FF1AB048B300E6F7C3 /* ESTLocationLinearObject.h */ = {isa = PBXFileReference; fileEncoding = 4; lastKnownFileType = sourcecode.c.h; path = ESTLocationLinearObject.h; sourceTree = "<group>"; };
		45526A001AB048B300E6F7C3 /* ESTOrientedLineSegment.h */ = {isa = PBXFileReference; fileEncoding = 4; lastKnownFileType = sourcecode.c.h; path = ESTOrientedLineSegment.h; sourceTree = "<group>"; };
		45526A011AB048B300E6F7C3 /* ESTOrientedPoint.h */ = {isa = PBXFileReference; fileEncoding = 4; lastKnownFileType = sourcecode.c.h; path = ESTOrientedPoint.h; sourceTree = "<group>"; };
		45526A021AB048B300E6F7C3 /* ESTPoint.h */ = {isa = PBXFileReference; fileEncoding = 4; lastKnownFileType = sourcecode.c.h; path = ESTPoint.h; sourceTree = "<group>"; };
		45526A031AB048B300E6F7C3 /* ESTPositionedBeacon.h */ = {isa = PBXFileReference; fileEncoding = 4; lastKnownFileType = sourcecode.c.h; path = ESTPositionedBeacon.h; sourceTree = "<group>"; };
		45526A061AB048B300E6F7C3 /* 5a.mov */ = {isa = PBXFileReference; lastKnownFileType = video.quicktime; path = 5a.mov; sourceTree = "<group>"; };
		45526A071AB048B300E6F7C3 /* 5b.mov */ = {isa = PBXFileReference; lastKnownFileType = video.quicktime; path = 5b.mov; sourceTree = "<group>"; };
		45526A081AB048B300E6F7C3 /* 8a.mov */ = {isa = PBXFileReference; lastKnownFileType = video.quicktime; path = 8a.mov; sourceTree = "<group>"; };
		45526A091AB048B300E6F7C3 /* 8b.mov */ = {isa = PBXFileReference; lastKnownFileType = video.quicktime; path = 8b.mov; sourceTree = "<group>"; };
		45526A0A1AB048B300E6F7C3 /* 8c.mov */ = {isa = PBXFileReference; lastKnownFileType = video.quicktime; path = 8c.mov; sourceTree = "<group>"; };
		45526A0C1AB048B300E6F7C3 /* 5a_first_frame@2x.png */ = {isa = PBXFileReference; lastKnownFileType = image.png; path = "5a_first_frame@2x.png"; sourceTree = "<group>"; };
		45526A0D1AB048B300E6F7C3 /* 5b_first_frame@2x.png */ = {isa = PBXFileReference; lastKnownFileType = image.png; path = "5b_first_frame@2x.png"; sourceTree = "<group>"; };
		45526A0E1AB048B300E6F7C3 /* 8a_first_frame@2x.png */ = {isa = PBXFileReference; lastKnownFileType = image.png; path = "8a_first_frame@2x.png"; sourceTree = "<group>"; };
		45526A0F1AB048B300E6F7C3 /* 8b_first_frame@2x.png */ = {isa = PBXFileReference; lastKnownFileType = image.png; path = "8b_first_frame@2x.png"; sourceTree = "<group>"; };
		45526A101AB048B300E6F7C3 /* 8c_first_frame@2x.png */ = {isa = PBXFileReference; lastKnownFileType = image.png; path = "8c_first_frame@2x.png"; sourceTree = "<group>"; };
		45526A111AB048B300E6F7C3 /* beacon_grey@2x.png */ = {isa = PBXFileReference; lastKnownFileType = image.png; path = "beacon_grey@2x.png"; sourceTree = "<group>"; };
		45526A121AB048B300E6F7C3 /* beaconblueberry@2x.png */ = {isa = PBXFileReference; lastKnownFileType = image.png; path = "beaconblueberry@2x.png"; sourceTree = "<group>"; };
		45526A131AB048B300E6F7C3 /* beaconBlueberrySmall.png */ = {isa = PBXFileReference; lastKnownFileType = image.png; path = beaconBlueberrySmall.png; sourceTree = "<group>"; };
		45526A141AB048B300E6F7C3 /* beaconBlueberrySmall@2x.png */ = {isa = PBXFileReference; lastKnownFileType = image.png; path = "beaconBlueberrySmall@2x.png"; sourceTree = "<group>"; };
		45526A151AB048B300E6F7C3 /* beacongrey@2x.png */ = {isa = PBXFileReference; lastKnownFileType = image.png; path = "beacongrey@2x.png"; sourceTree = "<group>"; };
		45526A161AB048B300E6F7C3 /* beaconGreySmall@2x.png */ = {isa = PBXFileReference; lastKnownFileType = image.png; path = "beaconGreySmall@2x.png"; sourceTree = "<group>"; };
		45526A171AB048B300E6F7C3 /* beaconicy@2x.png */ = {isa = PBXFileReference; lastKnownFileType = image.png; path = "beaconicy@2x.png"; sourceTree = "<group>"; };
		45526A181AB048B300E6F7C3 /* beaconIcySmall.png */ = {isa = PBXFileReference; lastKnownFileType = image.png; path = beaconIcySmall.png; sourceTree = "<group>"; };
		45526A191AB048B300E6F7C3 /* beaconIcySmall@2x.png */ = {isa = PBXFileReference; lastKnownFileType = image.png; path = "beaconIcySmall@2x.png"; sourceTree = "<group>"; };
		45526A1A1AB048B300E6F7C3 /* beaconmint@2x.png */ = {isa = PBXFileReference; lastKnownFileType = image.png; path = "beaconmint@2x.png"; sourceTree = "<group>"; };
		45526A1B1AB048B300E6F7C3 /* beaconMintSmall.png */ = {isa = PBXFileReference; lastKnownFileType = image.png; path = beaconMintSmall.png; sourceTree = "<group>"; };
		45526A1C1AB048B300E6F7C3 /* beaconMintSmall@2x.png */ = {isa = PBXFileReference; lastKnownFileType = image.png; path = "beaconMintSmall@2x.png"; sourceTree = "<group>"; };
		45526A1D1AB048B300E6F7C3 /* indoor_error@2x.png */ = {isa = PBXFileReference; lastKnownFileType = image.png; path = "indoor_error@2x.png"; sourceTree = "<group>"; };
		45526A1E1AB048B300E6F7C3 /* instructions@2x.png */ = {isa = PBXFileReference; lastKnownFileType = image.png; path = "instructions@2x.png"; sourceTree = "<group>"; };
		45526A1F1AB048B300E6F7C3 /* navigation_guy@2x.png */ = {isa = PBXFileReference; lastKnownFileType = image.png; path = "navigation_guy@2x.png"; sourceTree = "<group>"; };
		45526A201AB048B300E6F7C3 /* screen8_beacon_blue@2x.png */ = {isa = PBXFileReference; lastKnownFileType = image.png; path = "screen8_beacon_blue@2x.png"; sourceTree = "<group>"; };
		45526A211AB048B300E6F7C3 /* screen8_beacon_gray@2x.png */ = {isa = PBXFileReference; lastKnownFileType = image.png; path = "screen8_beacon_gray@2x.png"; sourceTree = "<group>"; };
		45526A221AB048B300E6F7C3 /* screen8_beacon_gray_trans@2x.png */ = {isa = PBXFileReference; lastKnownFileType = image.png; path = "screen8_beacon_gray_trans@2x.png"; sourceTree = "<group>"; };
		45526A231AB048B300E6F7C3 /* screen8_beacon_green@2x.png */ = {isa = PBXFileReference; lastKnownFileType = image.png; path = "screen8_beacon_green@2x.png"; sourceTree = "<group>"; };
		45526A241AB048B300E6F7C3 /* screen8_beacon_purple@2x.png */ = {isa = PBXFileReference; lastKnownFileType = image.png; path = "screen8_beacon_purple@2x.png"; sourceTree = "<group>"; };
		45526A251AB048B300E6F7C3 /* tick@2x.png */ = {isa = PBXFileReference; lastKnownFileType = image.png; path = "tick@2x.png"; sourceTree = "<group>"; };
		45526A261AB048B300E6F7C3 /* welcome@2x.png */ = {isa = PBXFileReference; lastKnownFileType = image.png; path = "welcome@2x.png"; sourceTree = "<group>"; };
		45526A271AB048B300E6F7C3 /* SixBeaconsView.xib */ = {isa = PBXFileReference; fileEncoding = 4; lastKnownFileType = file.xib; path = SixBeaconsView.xib; sourceTree = "<group>"; };
		45526A281AB048B300E6F7C3 /* wall_bump.wav */ = {isa = PBXFileReference; lastKnownFileType = audio.wav; path = wall_bump.wav; sourceTree = "<group>"; };
		45526A4C1AB04BBE00E6F7C3 /* UIKit.framework */ = {isa = PBXFileReference; lastKnownFileType = wrapper.framework; name = UIKit.framework; path = System/Library/Frameworks/UIKit.framework; sourceTree = SDKROOT; };
		45526A4E1AB04BDF00E6F7C3 /* CoreMotion.framework */ = {isa = PBXFileReference; lastKnownFileType = wrapper.framework; name = CoreMotion.framework; path = System/Library/Frameworks/CoreMotion.framework; sourceTree = SDKROOT; };
		45526A501AB04BFE00E6F7C3 /* CoreGraphics.framework */ = {isa = PBXFileReference; lastKnownFileType = wrapper.framework; name = CoreGraphics.framework; path = System/Library/Frameworks/CoreGraphics.framework; sourceTree = SDKROOT; };
		45526A521AB04C2400E6F7C3 /* MessageUI.framework */ = {isa = PBXFileReference; lastKnownFileType = wrapper.framework; name = MessageUI.framework; path = System/Library/Frameworks/MessageUI.framework; sourceTree = SDKROOT; };
		45526A541AB04C3400E6F7C3 /* MediaPlayer.framework */ = {isa = PBXFileReference; lastKnownFileType = wrapper.framework; name = MediaPlayer.framework; path = System/Library/Frameworks/MediaPlayer.framework; sourceTree = SDKROOT; };
		45526A561AB04C3F00E6F7C3 /* AudioToolbox.framework */ = {isa = PBXFileReference; lastKnownFileType = wrapper.framework; name = AudioToolbox.framework; path = System/Library/Frameworks/AudioToolbox.framework; sourceTree = SDKROOT; };
		45526A581AB04CDA00E6F7C3 /* AVFoundation.framework */ = {isa = PBXFileReference; lastKnownFileType = wrapper.framework; name = AVFoundation.framework; path = System/Library/Frameworks/AVFoundation.framework; sourceTree = SDKROOT; };
		45526A5B1AB06E4D00E6F7C3 /* libEstimoteSDK.a */ = {isa = PBXFileReference; lastKnownFileType = archive.ar; path = libEstimoteSDK.a; sourceTree = "<group>"; };
		45526A5D1AB06E5A00E6F7C3 /* libEstimoteIndoorSDK.a */ = {isa = PBXFileReference; lastKnownFileType = archive.ar; path = libEstimoteIndoorSDK.a; sourceTree = "<group>"; };
		45526A5F1AB06F3300E6F7C3 /* libxml2.dylib */ = {isa = PBXFileReference; lastKnownFileType = "compiled.mach-o.dylib"; name = libxml2.dylib; path = usr/lib/libxml2.dylib; sourceTree = SDKROOT; };
		814BC95E1AA4404800164B30 /* ProductViewController.h */ = {isa = PBXFileReference; fileEncoding = 4; lastKnownFileType = sourcecode.c.h; path = ProductViewController.h; sourceTree = "<group>"; };
		814BC95F1AA4404800164B30 /* ProductViewController.m */ = {isa = PBXFileReference; fileEncoding = 4; lastKnownFileType = sourcecode.c.objc; path = ProductViewController.m; sourceTree = "<group>"; };
		814BC9601AA4404800164B30 /* ProductViewController.xib */ = {isa = PBXFileReference; fileEncoding = 4; lastKnownFileType = file.xib; path = ProductViewController.xib; sourceTree = "<group>"; };
		814BC9631AA4634900164B30 /* prodCell.h */ = {isa = PBXFileReference; fileEncoding = 4; lastKnownFileType = sourcecode.c.h; path = prodCell.h; sourceTree = "<group>"; };
		814BC9641AA4634900164B30 /* prodCell.m */ = {isa = PBXFileReference; fileEncoding = 4; lastKnownFileType = sourcecode.c.objc; path = prodCell.m; sourceTree = "<group>"; };
		814BC9651AA4634900164B30 /* prodCell.xib */ = {isa = PBXFileReference; fileEncoding = 4; lastKnownFileType = file.xib; path = prodCell.xib; sourceTree = "<group>"; };
		8186A09F1AA7775C00BB5AC4 /* ViewController.xib */ = {isa = PBXFileReference; fileEncoding = 4; lastKnownFileType = file.xib; path = ViewController.xib; sourceTree = "<group>"; };
		81AE088B1AA71F1900CD7F75 /* OffersViewController.h */ = {isa = PBXFileReference; fileEncoding = 4; lastKnownFileType = sourcecode.c.h; path = OffersViewController.h; sourceTree = "<group>"; };
		81AE088C1AA71F1900CD7F75 /* OffersViewController.m */ = {isa = PBXFileReference; fileEncoding = 4; lastKnownFileType = sourcecode.c.objc; path = OffersViewController.m; sourceTree = "<group>"; };
		81AE088D1AA71F1900CD7F75 /* OffersViewController.xib */ = {isa = PBXFileReference; fileEncoding = 4; lastKnownFileType = file.xib; path = OffersViewController.xib; sourceTree = "<group>"; };
		81AE08901AA720D200CD7F75 /* OffersTableCell.h */ = {isa = PBXFileReference; fileEncoding = 4; lastKnownFileType = sourcecode.c.h; path = OffersTableCell.h; sourceTree = "<group>"; };
		81AE08911AA720D200CD7F75 /* OffersTableCell.m */ = {isa = PBXFileReference; fileEncoding = 4; lastKnownFileType = sourcecode.c.objc; path = OffersTableCell.m; sourceTree = "<group>"; };
		81AE08921AA720D200CD7F75 /* OffersTableCell.xib */ = {isa = PBXFileReference; fileEncoding = 4; lastKnownFileType = file.xib; path = OffersTableCell.xib; sourceTree = "<group>"; };
		81AE08951AA7672200CD7F75 /* ContainerViewController.h */ = {isa = PBXFileReference; fileEncoding = 4; lastKnownFileType = sourcecode.c.h; path = ContainerViewController.h; sourceTree = "<group>"; };
		81AE08961AA7672200CD7F75 /* ContainerViewController.m */ = {isa = PBXFileReference; fileEncoding = 4; lastKnownFileType = sourcecode.c.objc; path = ContainerViewController.m; sourceTree = "<group>"; };
		81AE08971AA7672200CD7F75 /* MenuViewController.h */ = {isa = PBXFileReference; fileEncoding = 4; lastKnownFileType = sourcecode.c.h; path = MenuViewController.h; sourceTree = "<group>"; };
		81AE08981AA7672200CD7F75 /* MenuViewController.m */ = {isa = PBXFileReference; fileEncoding = 4; lastKnownFileType = sourcecode.c.objc; path = MenuViewController.m; sourceTree = "<group>"; };
		81AE08991AA7672200CD7F75 /* MenuViewController.xib */ = {isa = PBXFileReference; fileEncoding = 4; lastKnownFileType = file.xib; path = MenuViewController.xib; sourceTree = "<group>"; };
		81B6A8721AA5D93C00A234D7 /* Config.plist */ = {isa = PBXFileReference; fileEncoding = 4; lastKnownFileType = text.plist.xml; path = Config.plist; sourceTree = "<group>"; };
/* End PBXFileReference section */

/* Begin PBXFrameworksBuildPhase section */
		0AF77D661AA0363800B57B8C /* Frameworks */ = {
			isa = PBXFrameworksBuildPhase;
			buildActionMask = 2147483647;
			files = (
				45526A601AB06F3300E6F7C3 /* libxml2.dylib in Frameworks */,
				45526A531AB04C2400E6F7C3 /* MessageUI.framework in Frameworks */,
				45526A571AB04C3F00E6F7C3 /* AudioToolbox.framework in Frameworks */,
				45526A551AB04C3400E6F7C3 /* MediaPlayer.framework in Frameworks */,
				45526A4F1AB04BDF00E6F7C3 /* CoreMotion.framework in Frameworks */,
				45526A591AB04CDA00E6F7C3 /* AVFoundation.framework in Frameworks */,
				0AF77D971AA038BC00B57B8C /* CoreLocation.framework in Frameworks */,
				45526A5C1AB06E4D00E6F7C3 /* libEstimoteSDK.a in Frameworks */,
				0AF78F831AA0394800B57B8C /* CoreBluetooth.framework in Frameworks */,
				0AF78F851AA0395800B57B8C /* SystemConfiguration.framework in Frameworks */,
				45526A511AB04BFE00E6F7C3 /* CoreGraphics.framework in Frameworks */,
				45526A4D1AB04BBE00E6F7C3 /* UIKit.framework in Frameworks */,
				45526A5E1AB06E5A00E6F7C3 /* libEstimoteIndoorSDK.a in Frameworks */,
				0AF77D931AA038A700B57B8C /* Foundation.framework in Frameworks */,
			);
			runOnlyForDeploymentPostprocessing = 0;
		};
		0AF77D7F1AA0363800B57B8C /* Frameworks */ = {
			isa = PBXFrameworksBuildPhase;
			buildActionMask = 2147483647;
			files = (
			);
			runOnlyForDeploymentPostprocessing = 0;
		};
/* End PBXFrameworksBuildPhase section */

/* Begin PBXGroup section */
		0AF77D601AA0363800B57B8C = {
			isa = PBXGroup;
			children = (
				45526A5F1AB06F3300E6F7C3 /* libxml2.dylib */,
				45526A581AB04CDA00E6F7C3 /* AVFoundation.framework */,
				45526A561AB04C3F00E6F7C3 /* AudioToolbox.framework */,
				45526A541AB04C3400E6F7C3 /* MediaPlayer.framework */,
				45526A521AB04C2400E6F7C3 /* MessageUI.framework */,
				45526A501AB04BFE00E6F7C3 /* CoreGraphics.framework */,
				45526A4E1AB04BDF00E6F7C3 /* CoreMotion.framework */,
				45526A4C1AB04BBE00E6F7C3 /* UIKit.framework */,
				81B6A8721AA5D93C00A234D7 /* Config.plist */,
				0AF78F841AA0395800B57B8C /* SystemConfiguration.framework */,
				0AF78F821AA0394800B57B8C /* CoreBluetooth.framework */,
				0AF77D951AA038BC00B57B8C /* CoreLocation.framework */,
				0AF77D921AA038A700B57B8C /* Foundation.framework */,
				0AF77D6B1AA0363800B57B8C /* iBeacon_Retail */,
				0AF77D851AA0363800B57B8C /* iBeacon_RetailTests */,
				0AF77D6A1AA0363800B57B8C /* Products */,
			);
			sourceTree = "<group>";
		};
		0AF77D6A1AA0363800B57B8C /* Products */ = {
			isa = PBXGroup;
			children = (
				0AF77D691AA0363800B57B8C /* iBeacon_Retail.app */,
				0AF77D821AA0363800B57B8C /* iBeacon_RetailTests.xctest */,
			);
			name = Products;
			sourceTree = "<group>";
		};
		0AF77D6B1AA0363800B57B8C /* iBeacon_Retail */ = {
			isa = PBXGroup;
			children = (
				81AE08951AA7672200CD7F75 /* ContainerViewController.h */,
				81AE08961AA7672200CD7F75 /* ContainerViewController.m */,
				81AE08971AA7672200CD7F75 /* MenuViewController.h */,
				81AE08981AA7672200CD7F75 /* MenuViewController.m */,
				81AE08991AA7672200CD7F75 /* MenuViewController.xib */,
				81AE088A1AA71EED00CD7F75 /* Offers */,
				4552699D1AB03F8500E6F7C3 /* StoreLocationMap */,
				814BC95D1AA4401200164B30 /* Products */,
				814BC95C1AA4400500164B30 /* Model */,
				0AF77D701AA0363800B57B8C /* AppDelegate.h */,
				0AF77D711AA0363800B57B8C /* AppDelegate.m */,
				8186A09F1AA7775C00BB5AC4 /* ViewController.xib */,
				0AF77D731AA0363800B57B8C /* ViewController.h */,
				0AF77D741AA0363800B57B8C /* ViewController.m */,
				0AF77D761AA0363800B57B8C /* Main.storyboard */,
				0AF77D791AA0363800B57B8C /* Images.xcassets */,
				0AF77D7B1AA0363800B57B8C /* LaunchScreen.xib */,
				0AF77D6C1AA0363800B57B8C /* Supporting Files */,
			);
			path = iBeacon_Retail;
			sourceTree = "<group>";
		};
		0AF77D6C1AA0363800B57B8C /* Supporting Files */ = {
			isa = PBXGroup;
			children = (
				455269F91AB048B300E6F7C3 /* EstimoteIndoorLocationSDK */,
				455269A31AB0443D00E6F7C3 /* location.json */,
				0AF78FA41AA039E800B57B8C /* EstimoteSDK */,
				0AF77D6D1AA0363800B57B8C /* Info.plist */,
				0AF77D6E1AA0363800B57B8C /* main.m */,
			);
			name = "Supporting Files";
			sourceTree = "<group>";
		};
		0AF77D851AA0363800B57B8C /* iBeacon_RetailTests */ = {
			isa = PBXGroup;
			children = (
				0AF77D881AA0363800B57B8C /* iBeacon_RetailTests.m */,
				0AF77D861AA0363800B57B8C /* Supporting Files */,
			);
			path = iBeacon_RetailTests;
			sourceTree = "<group>";
		};
		0AF77D861AA0363800B57B8C /* Supporting Files */ = {
			isa = PBXGroup;
			children = (
				0AF77D871AA0363800B57B8C /* Info.plist */,
			);
			name = "Supporting Files";
			sourceTree = "<group>";
		};
		0AF78FA41AA039E800B57B8C /* EstimoteSDK */ = {
			isa = PBXGroup;
			children = (
				45526A5B1AB06E4D00E6F7C3 /* libEstimoteSDK.a */,
				0AF78FA51AA039E800B57B8C /* Headers */,
			);
			path = EstimoteSDK;
			sourceTree = "<group>";
		};
		0AF78FA51AA039E800B57B8C /* Headers */ = {
			isa = PBXGroup;
			children = (
				0AF78FA61AA039E800B57B8C /* ESTBeacon.h */,
				0AF78FA71AA039E800B57B8C /* ESTBeaconDefinitions.h */,
				0AF78FA81AA039E800B57B8C /* ESTBeaconFirmwareVO.h */,
				0AF78FA91AA039E800B57B8C /* ESTBeaconManager.h */,
				0AF78FAA1AA039E800B57B8C /* ESTBeaconRegion.h */,
				0AF78FAB1AA039E800B57B8C /* ESTBeaconUpdateConfig.h */,
				0AF78FAC1AA039E800B57B8C /* ESTBeaconUpdateInfo.h */,
				0AF78FAD1AA039E800B57B8C /* ESTBeaconVO.h */,
				0AF78FAE1AA039E800B57B8C /* ESTBulkUpdater.h */,
				0AF78FAF1AA039E800B57B8C /* ESTConfig.h */,
				0AF78FB01AA039E800B57B8C /* ESTDateRule.h */,
				0AF78FB11AA039E800B57B8C /* ESTDefinitions.h */,
				0AF78FB21AA039E800B57B8C /* ESTFirmwareInfoVO.h */,
				0AF78FB31AA039E800B57B8C /* ESTMotionRule.h */,
				0AF78FB41AA039E800B57B8C /* ESTNearable.h */,
				0AF78FB51AA039E800B57B8C /* ESTNearableDefinitions.h */,
				0AF78FB61AA039E800B57B8C /* ESTNearableManager.h */,
				0AF78FB71AA039E800B57B8C /* ESTNearableRule.h */,
				0AF78FB81AA039E800B57B8C /* ESTOrientationRule.h */,
				0AF78FB91AA039E800B57B8C /* ESTProximityRule.h */,
				0AF78FBA1AA039E800B57B8C /* ESTRule.h */,
				0AF78FBB1AA039E800B57B8C /* ESTTemperatureRule.h */,
				0AF78FBC1AA039E800B57B8C /* ESTTrigger.h */,
				0AF78FBD1AA039E800B57B8C /* ESTTriggerManager.h */,
			);
			path = Headers;
			sourceTree = "<group>";
		};
		4552699D1AB03F8500E6F7C3 /* StoreLocationMap */ = {
			isa = PBXGroup;
			children = (
				4552699E1AB03FDD00E6F7C3 /* StoreLocationMapViewController.h */,
				4552699F1AB03FDD00E6F7C3 /* StoreLocationMapViewController.m */,
				455269A01AB03FDD00E6F7C3 /* StoreLocationMapViewController.xib */,
			);
			name = StoreLocationMap;
			sourceTree = "<group>";
		};
		455269F91AB048B300E6F7C3 /* EstimoteIndoorLocationSDK */ = {
			isa = PBXGroup;
			children = (
				45526A5D1AB06E5A00E6F7C3 /* libEstimoteIndoorSDK.a */,
				455269FA1AB048B300E6F7C3 /* Headers */,
				45526A051AB048B300E6F7C3 /* Resources */,
			);
			path = EstimoteIndoorLocationSDK;
			sourceTree = "<group>";
		};
		455269FA1AB048B300E6F7C3 /* Headers */ = {
			isa = PBXGroup;
			children = (
				455269FB1AB048B300E6F7C3 /* ESTIndoorLocationManager.h */,
				455269FC1AB048B300E6F7C3 /* ESTIndoorLocationView.h */,
				455269FD1AB048B300E6F7C3 /* ESTLocation.h */,
				455269FE1AB048B300E6F7C3 /* ESTLocationBuilder.h */,
				455269FF1AB048B300E6F7C3 /* ESTLocationLinearObject.h */,
				45526A001AB048B300E6F7C3 /* ESTOrientedLineSegment.h */,
				45526A011AB048B300E6F7C3 /* ESTOrientedPoint.h */,
				45526A021AB048B300E6F7C3 /* ESTPoint.h */,
				45526A031AB048B300E6F7C3 /* ESTPositionedBeacon.h */,
			);
			path = Headers;
			sourceTree = "<group>";
		};
		45526A051AB048B300E6F7C3 /* Resources */ = {
			isa = PBXGroup;
			children = (
				45526A061AB048B300E6F7C3 /* 5a.mov */,
				45526A071AB048B300E6F7C3 /* 5b.mov */,
				45526A081AB048B300E6F7C3 /* 8a.mov */,
				45526A091AB048B300E6F7C3 /* 8b.mov */,
				45526A0A1AB048B300E6F7C3 /* 8c.mov */,
				45526A0B1AB048B300E6F7C3 /* Images */,
				45526A271AB048B300E6F7C3 /* SixBeaconsView.xib */,
				45526A281AB048B300E6F7C3 /* wall_bump.wav */,
			);
			path = Resources;
			sourceTree = "<group>";
		};
		45526A0B1AB048B300E6F7C3 /* Images */ = {
			isa = PBXGroup;
			children = (
				45526A0C1AB048B300E6F7C3 /* 5a_first_frame@2x.png */,
				45526A0D1AB048B300E6F7C3 /* 5b_first_frame@2x.png */,
				45526A0E1AB048B300E6F7C3 /* 8a_first_frame@2x.png */,
				45526A0F1AB048B300E6F7C3 /* 8b_first_frame@2x.png */,
				45526A101AB048B300E6F7C3 /* 8c_first_frame@2x.png */,
				45526A111AB048B300E6F7C3 /* beacon_grey@2x.png */,
				45526A121AB048B300E6F7C3 /* beaconblueberry@2x.png */,
				45526A131AB048B300E6F7C3 /* beaconBlueberrySmall.png */,
				45526A141AB048B300E6F7C3 /* beaconBlueberrySmall@2x.png */,
				45526A151AB048B300E6F7C3 /* beacongrey@2x.png */,
				45526A161AB048B300E6F7C3 /* beaconGreySmall@2x.png */,
				45526A171AB048B300E6F7C3 /* beaconicy@2x.png */,
				45526A181AB048B300E6F7C3 /* beaconIcySmall.png */,
				45526A191AB048B300E6F7C3 /* beaconIcySmall@2x.png */,
				45526A1A1AB048B300E6F7C3 /* beaconmint@2x.png */,
				45526A1B1AB048B300E6F7C3 /* beaconMintSmall.png */,
				45526A1C1AB048B300E6F7C3 /* beaconMintSmall@2x.png */,
				45526A1D1AB048B300E6F7C3 /* indoor_error@2x.png */,
				45526A1E1AB048B300E6F7C3 /* instructions@2x.png */,
				45526A1F1AB048B300E6F7C3 /* navigation_guy@2x.png */,
				45526A201AB048B300E6F7C3 /* screen8_beacon_blue@2x.png */,
				45526A211AB048B300E6F7C3 /* screen8_beacon_gray@2x.png */,
				45526A221AB048B300E6F7C3 /* screen8_beacon_gray_trans@2x.png */,
				45526A231AB048B300E6F7C3 /* screen8_beacon_green@2x.png */,
				45526A241AB048B300E6F7C3 /* screen8_beacon_purple@2x.png */,
				45526A251AB048B300E6F7C3 /* tick@2x.png */,
				45526A261AB048B300E6F7C3 /* welcome@2x.png */,
			);
			path = Images;
			sourceTree = "<group>";
		};
		814BC95C1AA4400500164B30 /* Model */ = {
			isa = PBXGroup;
			children = (
			);
			name = Model;
			sourceTree = "<group>";
		};
		814BC95D1AA4401200164B30 /* Products */ = {
			isa = PBXGroup;
			children = (
				814BC95E1AA4404800164B30 /* ProductViewController.h */,
				814BC95F1AA4404800164B30 /* ProductViewController.m */,
				814BC9601AA4404800164B30 /* ProductViewController.xib */,
				814BC9631AA4634900164B30 /* prodCell.h */,
				814BC9641AA4634900164B30 /* prodCell.m */,
				814BC9651AA4634900164B30 /* prodCell.xib */,
			);
			name = Products;
			sourceTree = "<group>";
		};
		81AE088A1AA71EED00CD7F75 /* Offers */ = {
			isa = PBXGroup;
			children = (
				81AE088B1AA71F1900CD7F75 /* OffersViewController.h */,
				81AE088C1AA71F1900CD7F75 /* OffersViewController.m */,
				81AE088D1AA71F1900CD7F75 /* OffersViewController.xib */,
				81AE08901AA720D200CD7F75 /* OffersTableCell.h */,
				81AE08911AA720D200CD7F75 /* OffersTableCell.m */,
				81AE08921AA720D200CD7F75 /* OffersTableCell.xib */,
			);
			name = Offers;
			sourceTree = "<group>";
		};
/* End PBXGroup section */

/* Begin PBXNativeTarget section */
		0AF77D681AA0363800B57B8C /* iBeacon_Retail */ = {
			isa = PBXNativeTarget;
			buildConfigurationList = 0AF77D8C1AA0363800B57B8C /* Build configuration list for PBXNativeTarget "iBeacon_Retail" */;
			buildPhases = (
				0AF77D651AA0363800B57B8C /* Sources */,
				0AF77D661AA0363800B57B8C /* Frameworks */,
				0AF77D671AA0363800B57B8C /* Resources */,
			);
			buildRules = (
			);
			dependencies = (
			);
			name = iBeacon_Retail;
			productName = iBeacon_Retail;
			productReference = 0AF77D691AA0363800B57B8C /* iBeacon_Retail.app */;
			productType = "com.apple.product-type.application";
		};
		0AF77D811AA0363800B57B8C /* iBeacon_RetailTests */ = {
			isa = PBXNativeTarget;
			buildConfigurationList = 0AF77D8F1AA0363800B57B8C /* Build configuration list for PBXNativeTarget "iBeacon_RetailTests" */;
			buildPhases = (
				0AF77D7E1AA0363800B57B8C /* Sources */,
				0AF77D7F1AA0363800B57B8C /* Frameworks */,
				0AF77D801AA0363800B57B8C /* Resources */,
			);
			buildRules = (
			);
			dependencies = (
				0AF77D841AA0363800B57B8C /* PBXTargetDependency */,
			);
			name = iBeacon_RetailTests;
			productName = iBeacon_RetailTests;
			productReference = 0AF77D821AA0363800B57B8C /* iBeacon_RetailTests.xctest */;
			productType = "com.apple.product-type.bundle.unit-test";
		};
/* End PBXNativeTarget section */

/* Begin PBXProject section */
		0AF77D611AA0363800B57B8C /* Project object */ = {
			isa = PBXProject;
			attributes = {
				LastUpgradeCheck = 0610;
				ORGANIZATIONNAME = TAVANT;
				TargetAttributes = {
					0AF77D681AA0363800B57B8C = {
						CreatedOnToolsVersion = 6.1;
					};
					0AF77D811AA0363800B57B8C = {
						CreatedOnToolsVersion = 6.1;
						TestTargetID = 0AF77D681AA0363800B57B8C;
					};
				};
			};
			buildConfigurationList = 0AF77D641AA0363800B57B8C /* Build configuration list for PBXProject "iBeacon_Retail" */;
			compatibilityVersion = "Xcode 3.2";
			developmentRegion = English;
			hasScannedForEncodings = 0;
			knownRegions = (
				en,
				Base,
			);
			mainGroup = 0AF77D601AA0363800B57B8C;
			productRefGroup = 0AF77D6A1AA0363800B57B8C /* Products */;
			projectDirPath = "";
			projectRoot = "";
			targets = (
				0AF77D681AA0363800B57B8C /* iBeacon_Retail */,
				0AF77D811AA0363800B57B8C /* iBeacon_RetailTests */,
			);
		};
/* End PBXProject section */

/* Begin PBXResourcesBuildPhase section */
		0AF77D671AA0363800B57B8C /* Resources */ = {
			isa = PBXResourcesBuildPhase;
			buildActionMask = 2147483647;
			files = (
				45526A481AB048B300E6F7C3 /* tick@2x.png in Resources */,
				45526A461AB048B300E6F7C3 /* screen8_beacon_green@2x.png in Resources */,
				45526A2D1AB048B300E6F7C3 /* 8b.mov in Resources */,
				45526A381AB048B300E6F7C3 /* beacongrey@2x.png in Resources */,
				45526A451AB048B300E6F7C3 /* screen8_beacon_gray_trans@2x.png in Resources */,
				45526A401AB048B300E6F7C3 /* indoor_error@2x.png in Resources */,
				45526A2C1AB048B300E6F7C3 /* 8a.mov in Resources */,
				45526A421AB048B300E6F7C3 /* navigation_guy@2x.png in Resources */,
				45526A2A1AB048B300E6F7C3 /* 5a.mov in Resources */,
				45526A2F1AB048B300E6F7C3 /* 5a_first_frame@2x.png in Resources */,
				45526A441AB048B300E6F7C3 /* screen8_beacon_gray@2x.png in Resources */,
				45526A311AB048B300E6F7C3 /* 8a_first_frame@2x.png in Resources */,
				45526A3E1AB048B300E6F7C3 /* beaconMintSmall.png in Resources */,
				455269A41AB0443D00E6F7C3 /* location.json in Resources */,
				8186A0A01AA7775D00BB5AC4 /* ViewController.xib in Resources */,
				45526A301AB048B300E6F7C3 /* 5b_first_frame@2x.png in Resources */,
				45526A3B1AB048B300E6F7C3 /* beaconIcySmall.png in Resources */,
				45526A2B1AB048B300E6F7C3 /* 5b.mov in Resources */,
				45526A471AB048B300E6F7C3 /* screen8_beacon_purple@2x.png in Resources */,
				45526A341AB048B300E6F7C3 /* beacon_grey@2x.png in Resources */,
				0AF77D781AA0363800B57B8C /* Main.storyboard in Resources */,
				45526A371AB048B300E6F7C3 /* beaconBlueberrySmall@2x.png in Resources */,
				45526A431AB048B300E6F7C3 /* screen8_beacon_blue@2x.png in Resources */,
				45526A3D1AB048B300E6F7C3 /* beaconmint@2x.png in Resources */,
				81AE08941AA720D200CD7F75 /* OffersTableCell.xib in Resources */,
				0AF77D7D1AA0363800B57B8C /* LaunchScreen.xib in Resources */,
				814BC9621AA4404800164B30 /* ProductViewController.xib in Resources */,
				81AE089C1AA7672200CD7F75 /* MenuViewController.xib in Resources */,
				814BC9671AA4634900164B30 /* prodCell.xib in Resources */,
				81B6A8731AA5D93C00A234D7 /* Config.plist in Resources */,
				81AE088F1AA71F1900CD7F75 /* OffersViewController.xib in Resources */,
				45526A2E1AB048B300E6F7C3 /* 8c.mov in Resources */,
				455269A21AB03FDD00E6F7C3 /* StoreLocationMapViewController.xib in Resources */,
				45526A321AB048B300E6F7C3 /* 8b_first_frame@2x.png in Resources */,
				45526A3F1AB048B300E6F7C3 /* beaconMintSmall@2x.png in Resources */,
				45526A491AB048B300E6F7C3 /* welcome@2x.png in Resources */,
				45526A4B1AB048B300E6F7C3 /* wall_bump.wav in Resources */,
				45526A3A1AB048B300E6F7C3 /* beaconicy@2x.png in Resources */,
				45526A391AB048B300E6F7C3 /* beaconGreySmall@2x.png in Resources */,
				45526A4A1AB048B300E6F7C3 /* SixBeaconsView.xib in Resources */,
				45526A331AB048B300E6F7C3 /* 8c_first_frame@2x.png in Resources */,
				0AF77D7A1AA0363800B57B8C /* Images.xcassets in Resources */,
				45526A3C1AB048B300E6F7C3 /* beaconIcySmall@2x.png in Resources */,
				45526A411AB048B300E6F7C3 /* instructions@2x.png in Resources */,
				45526A361AB048B300E6F7C3 /* beaconBlueberrySmall.png in Resources */,
				45526A351AB048B300E6F7C3 /* beaconblueberry@2x.png in Resources */,
			);
			runOnlyForDeploymentPostprocessing = 0;
		};
		0AF77D801AA0363800B57B8C /* Resources */ = {
			isa = PBXResourcesBuildPhase;
			buildActionMask = 2147483647;
			files = (
			);
			runOnlyForDeploymentPostprocessing = 0;
		};
/* End PBXResourcesBuildPhase section */

/* Begin PBXSourcesBuildPhase section */
		0AF77D651AA0363800B57B8C /* Sources */ = {
			isa = PBXSourcesBuildPhase;
			buildActionMask = 2147483647;
			files = (
				81AE08931AA720D200CD7F75 /* OffersTableCell.m in Sources */,
				81AE089B1AA7672200CD7F75 /* MenuViewController.m in Sources */,
				0AF77D751AA0363800B57B8C /* ViewController.m in Sources */,
				81AE088E1AA71F1900CD7F75 /* OffersViewController.m in Sources */,
				0AF77D721AA0363800B57B8C /* AppDelegate.m in Sources */,
				814BC9661AA4634900164B30 /* prodCell.m in Sources */,
				455269A11AB03FDD00E6F7C3 /* StoreLocationMapViewController.m in Sources */,
				814BC9611AA4404800164B30 /* ProductViewController.m in Sources */,
				81AE089A1AA7672200CD7F75 /* ContainerViewController.m in Sources */,
				0AF77D6F1AA0363800B57B8C /* main.m in Sources */,
			);
			runOnlyForDeploymentPostprocessing = 0;
		};
		0AF77D7E1AA0363800B57B8C /* Sources */ = {
			isa = PBXSourcesBuildPhase;
			buildActionMask = 2147483647;
			files = (
				0AF77D891AA0363800B57B8C /* iBeacon_RetailTests.m in Sources */,
			);
			runOnlyForDeploymentPostprocessing = 0;
		};
/* End PBXSourcesBuildPhase section */

/* Begin PBXTargetDependency section */
		0AF77D841AA0363800B57B8C /* PBXTargetDependency */ = {
			isa = PBXTargetDependency;
			target = 0AF77D681AA0363800B57B8C /* iBeacon_Retail */;
			targetProxy = 0AF77D831AA0363800B57B8C /* PBXContainerItemProxy */;
		};
/* End PBXTargetDependency section */

/* Begin PBXVariantGroup section */
		0AF77D761AA0363800B57B8C /* Main.storyboard */ = {
			isa = PBXVariantGroup;
			children = (
				0AF77D771AA0363800B57B8C /* Base */,
			);
			name = Main.storyboard;
			sourceTree = "<group>";
		};
		0AF77D7B1AA0363800B57B8C /* LaunchScreen.xib */ = {
			isa = PBXVariantGroup;
			children = (
				0AF77D7C1AA0363800B57B8C /* Base */,
			);
			name = LaunchScreen.xib;
			sourceTree = "<group>";
		};
/* End PBXVariantGroup section */

/* Begin XCBuildConfiguration section */
		0AF77D8A1AA0363800B57B8C /* Debug */ = {
			isa = XCBuildConfiguration;
			buildSettings = {
				ALWAYS_SEARCH_USER_PATHS = NO;
				ARCHS = "$(ARCHS_STANDARD)";
				CLANG_CXX_LANGUAGE_STANDARD = "gnu++0x";
				CLANG_CXX_LIBRARY = "libc++";
				CLANG_ENABLE_MODULES = YES;
				CLANG_ENABLE_OBJC_ARC = YES;
				CLANG_WARN_BOOL_CONVERSION = YES;
				CLANG_WARN_CONSTANT_CONVERSION = YES;
				CLANG_WARN_DIRECT_OBJC_ISA_USAGE = YES_ERROR;
				CLANG_WARN_EMPTY_BODY = YES;
				CLANG_WARN_ENUM_CONVERSION = YES;
				CLANG_WARN_INT_CONVERSION = YES;
				CLANG_WARN_OBJC_ROOT_CLASS = YES_ERROR;
				CLANG_WARN_UNREACHABLE_CODE = YES;
				CLANG_WARN__DUPLICATE_METHOD_MATCH = YES;
				"CODE_SIGN_IDENTITY[sdk=iphoneos*]" = "iPhone Developer";
				COPY_PHASE_STRIP = NO;
				ENABLE_STRICT_OBJC_MSGSEND = YES;
				GCC_C_LANGUAGE_STANDARD = gnu99;
				GCC_DYNAMIC_NO_PIC = NO;
				GCC_OPTIMIZATION_LEVEL = 0;
				GCC_PREPROCESSOR_DEFINITIONS = (
					"DEBUG=1",
					"$(inherited)",
				);
				GCC_SYMBOLS_PRIVATE_EXTERN = NO;
				GCC_WARN_64_TO_32_BIT_CONVERSION = YES;
				GCC_WARN_ABOUT_RETURN_TYPE = YES_ERROR;
				GCC_WARN_UNDECLARED_SELECTOR = YES;
				GCC_WARN_UNINITIALIZED_AUTOS = YES_AGGRESSIVE;
				GCC_WARN_UNUSED_FUNCTION = YES;
				GCC_WARN_UNUSED_VARIABLE = YES;
				IPHONEOS_DEPLOYMENT_TARGET = 8.1;
				LIBRARY_SEARCH_PATHS = "$(PROJECT_DIR)/iBeacon_Retail/EstimoteSDK/**";
				MTL_ENABLE_DEBUG_INFO = YES;
				ONLY_ACTIVE_ARCH = YES;
				SDKROOT = iphoneos;
				VALID_ARCHS = "armv7 arm64";
			};
			name = Debug;
		};
		0AF77D8B1AA0363800B57B8C /* Release */ = {
			isa = XCBuildConfiguration;
			buildSettings = {
				ALWAYS_SEARCH_USER_PATHS = NO;
				ARCHS = "$(ARCHS_STANDARD)";
				CLANG_CXX_LANGUAGE_STANDARD = "gnu++0x";
				CLANG_CXX_LIBRARY = "libc++";
				CLANG_ENABLE_MODULES = YES;
				CLANG_ENABLE_OBJC_ARC = YES;
				CLANG_WARN_BOOL_CONVERSION = YES;
				CLANG_WARN_CONSTANT_CONVERSION = YES;
				CLANG_WARN_DIRECT_OBJC_ISA_USAGE = YES_ERROR;
				CLANG_WARN_EMPTY_BODY = YES;
				CLANG_WARN_ENUM_CONVERSION = YES;
				CLANG_WARN_INT_CONVERSION = YES;
				CLANG_WARN_OBJC_ROOT_CLASS = YES_ERROR;
				CLANG_WARN_UNREACHABLE_CODE = YES;
				CLANG_WARN__DUPLICATE_METHOD_MATCH = YES;
				"CODE_SIGN_IDENTITY[sdk=iphoneos*]" = "iPhone Developer";
				COPY_PHASE_STRIP = YES;
				ENABLE_NS_ASSERTIONS = NO;
				ENABLE_STRICT_OBJC_MSGSEND = YES;
				GCC_C_LANGUAGE_STANDARD = gnu99;
				GCC_WARN_64_TO_32_BIT_CONVERSION = YES;
				GCC_WARN_ABOUT_RETURN_TYPE = YES_ERROR;
				GCC_WARN_UNDECLARED_SELECTOR = YES;
				GCC_WARN_UNINITIALIZED_AUTOS = YES_AGGRESSIVE;
				GCC_WARN_UNUSED_FUNCTION = YES;
				GCC_WARN_UNUSED_VARIABLE = YES;
				IPHONEOS_DEPLOYMENT_TARGET = 8.1;
				LIBRARY_SEARCH_PATHS = "$(PROJECT_DIR)/iBeacon_Retail/EstimoteSDK/**";
				MTL_ENABLE_DEBUG_INFO = NO;
				ONLY_ACTIVE_ARCH = YES;
				SDKROOT = iphoneos;
				VALIDATE_PRODUCT = YES;
				VALID_ARCHS = "armv7 arm64";
			};
			name = Release;
		};
		0AF77D8D1AA0363800B57B8C /* Debug */ = {
			isa = XCBuildConfiguration;
			buildSettings = {
				ARCHS = "$(ARCHS_STANDARD)";
				ASSETCATALOG_COMPILER_APPICON_NAME = AppIcon;
				INFOPLIST_FILE = iBeacon_Retail/Info.plist;
				IPHONEOS_DEPLOYMENT_TARGET = 8.1;
				LD_RUNPATH_SEARCH_PATHS = "$(inherited) @executable_path/Frameworks";
				LIBRARY_SEARCH_PATHS = (
					"$(PROJECT_DIR)/iBeacon_Retail/EstimoteSDK/**",
					"$(PROJECT_DIR)/iBeacon_Retail/EstimoteIndoorLocationSDK/**",
					"$(PROJECT_DIR)/iBeacon_Retail/EstimoteSDK",
					"$(PROJECT_DIR)/iBeacon_Retail/EstimoteIndoorLocationSDK",
				);
				ONLY_ACTIVE_ARCH = YES;
				OTHER_LDFLAGS = "-lc++";
				PRODUCT_NAME = "$(TARGET_NAME)";
				VALID_ARCHS = "armv7 arm64";
			};
			name = Debug;
		};
		0AF77D8E1AA0363800B57B8C /* Release */ = {
			isa = XCBuildConfiguration;
			buildSettings = {
				ARCHS = "$(ARCHS_STANDARD)";
				ASSETCATALOG_COMPILER_APPICON_NAME = AppIcon;
				INFOPLIST_FILE = iBeacon_Retail/Info.plist;
				IPHONEOS_DEPLOYMENT_TARGET = 8.1;
				LD_RUNPATH_SEARCH_PATHS = "$(inherited) @executable_path/Frameworks";
				LIBRARY_SEARCH_PATHS = (
					"$(PROJECT_DIR)/iBeacon_Retail/EstimoteSDK/**",
					"$(PROJECT_DIR)/iBeacon_Retail/EstimoteIndoorLocationSDK/**",
					"$(PROJECT_DIR)/iBeacon_Retail/EstimoteSDK",
					"$(PROJECT_DIR)/iBeacon_Retail/EstimoteIndoorLocationSDK",
				);
				ONLY_ACTIVE_ARCH = YES;
				OTHER_LDFLAGS = "-lc++";
				PRODUCT_NAME = "$(TARGET_NAME)";
				VALID_ARCHS = "armv7 arm64";
			};
			name = Release;
		};
		0AF77D901AA0363800B57B8C /* Debug */ = {
			isa = XCBuildConfiguration;
			buildSettings = {
				BUNDLE_LOADER = "$(TEST_HOST)";
				FRAMEWORK_SEARCH_PATHS = (
					"$(SDKROOT)/Developer/Library/Frameworks",
					"$(inherited)",
				);
				GCC_PREPROCESSOR_DEFINITIONS = (
					"DEBUG=1",
					"$(inherited)",
				);
				INFOPLIST_FILE = iBeacon_RetailTests/Info.plist;
				LD_RUNPATH_SEARCH_PATHS = "$(inherited) @executable_path/Frameworks @loader_path/Frameworks";
				PRODUCT_NAME = "$(TARGET_NAME)";
				TEST_HOST = "$(BUILT_PRODUCTS_DIR)/iBeacon_Retail.app/iBeacon_Retail";
			};
			name = Debug;
		};
		0AF77D911AA0363800B57B8C /* Release */ = {
			isa = XCBuildConfiguration;
			buildSettings = {
				BUNDLE_LOADER = "$(TEST_HOST)";
				FRAMEWORK_SEARCH_PATHS = (
					"$(SDKROOT)/Developer/Library/Frameworks",
					"$(inherited)",
				);
				INFOPLIST_FILE = iBeacon_RetailTests/Info.plist;
				LD_RUNPATH_SEARCH_PATHS = "$(inherited) @executable_path/Frameworks @loader_path/Frameworks";
				PRODUCT_NAME = "$(TARGET_NAME)";
				TEST_HOST = "$(BUILT_PRODUCTS_DIR)/iBeacon_Retail.app/iBeacon_Retail";
			};
			name = Release;
		};
/* End XCBuildConfiguration section */

/* Begin XCConfigurationList section */
		0AF77D641AA0363800B57B8C /* Build configuration list for PBXProject "iBeacon_Retail" */ = {
			isa = XCConfigurationList;
			buildConfigurations = (
				0AF77D8A1AA0363800B57B8C /* Debug */,
				0AF77D8B1AA0363800B57B8C /* Release */,
			);
			defaultConfigurationIsVisible = 0;
			defaultConfigurationName = Release;
		};
		0AF77D8C1AA0363800B57B8C /* Build configuration list for PBXNativeTarget "iBeacon_Retail" */ = {
			isa = XCConfigurationList;
			buildConfigurations = (
				0AF77D8D1AA0363800B57B8C /* Debug */,
				0AF77D8E1AA0363800B57B8C /* Release */,
			);
			defaultConfigurationIsVisible = 0;
			defaultConfigurationName = Release;
		};
		0AF77D8F1AA0363800B57B8C /* Build configuration list for PBXNativeTarget "iBeacon_RetailTests" */ = {
			isa = XCConfigurationList;
			buildConfigurations = (
				0AF77D901AA0363800B57B8C /* Debug */,
				0AF77D911AA0363800B57B8C /* Release */,
			);
			defaultConfigurationIsVisible = 0;
			defaultConfigurationName = Release;
		};
/* End XCConfigurationList section */
	};
	rootObject = 0AF77D611AA0363800B57B8C /* Project object */;
}
